
Microsoft Visual Studio Solution File, Format Version 12.00
# Visual Studio Version 17
VisualStudioVersion = 17.5.002.0
MinimumVisualStudioVersion = 10.0.40219.1
Project("{9A19103F-16F7-4668-BE54-9A1E7A4F7556}") = "Pizzéria", "Pizzéria.csproj", "{7E138AA8-5629-4FBA-9E05-9585BE8F920C}"
EndProject
Global
	GlobalSection(SolutionConfigurationPlatforms) = preSolution
		Debug|Any CPU = Debug|Any CPU
		Release|Any CPU = Release|Any CPU
	EndGlobalSection
	GlobalSection(ProjectConfigurationPlatforms) = postSolution
		{7E138AA8-5629-4FBA-9E05-9585BE8F920C}.Debug|Any CPU.ActiveCfg = Debug|Any CPU
		{7E138AA8-5629-4FBA-9E05-9585BE8F920C}.Debug|Any CPU.Build.0 = Debug|Any CPU
		{7E138AA8-5629-4FBA-9E05-9585BE8F920C}.Release|Any CPU.ActiveCfg = Release|Any CPU
		{7E138AA8-5629-4FBA-9E05-9585BE8F920C}.Release|Any CPU.Build.0 = Release|Any CPU
	EndGlobalSection
	GlobalSection(SolutionProperties) = preSolution
		HideSolutionNode = FALSE
	EndGlobalSection
	GlobalSection(ExtensibilityGlobals) = postSolution
		SolutionGuid = {62F65FBF-AAFE-4303-983D-73C018A07360}
	EndGlobalSection
EndGlobal
